
Microsoft Visual Studio Solution File, Format Version 12.00
# Visual Studio Version 17
VisualStudioVersion = 17.4.33122.133
MinimumVisualStudioVersion = 10.0.40219.1
Project("{9A19103F-16F7-4668-BE54-9A1E7A4F7556}") = "Booklite", "Booklite\Booklite.csproj", "{5FA49D24-7DC4-46DC-8B33-A4CB5376D732}"
EndProject
Project("{FAE04EC0-301F-11D3-BF4B-00C04F79EFBC}") = "Booklite.Tests", "Booklite.Tests\Booklite.Tests.csproj", "{46900BAF-9C84-4CD6-84A8-8FB5CF16071D}"
EndProject
Global
	GlobalSection(SolutionConfigurationPlatforms) = preSolution
		Debug|Any CPU = Debug|Any CPU
		Release|Any CPU = Release|Any CPU
	EndGlobalSection
	GlobalSection(ProjectConfigurationPlatforms) = postSolution
		{5FA49D24-7DC4-46DC-8B33-A4CB5376D732}.Debug|Any CPU.ActiveCfg = Debug|Any CPU
		{5FA49D24-7DC4-46DC-8B33-A4CB5376D732}.Debug|Any CPU.Build.0 = Debug|Any CPU
		{5FA49D24-7DC4-46DC-8B33-A4CB5376D732}.Release|Any CPU.ActiveCfg = Release|Any CPU
		{5FA49D24-7DC4-46DC-8B33-A4CB5376D732}.Release|Any CPU.Build.0 = Release|Any CPU
		{46900BAF-9C84-4CD6-84A8-8FB5CF16071D}.Debug|Any CPU.ActiveCfg = Debug|Any CPU
		{46900BAF-9C84-4CD6-84A8-8FB5CF16071D}.Debug|Any CPU.Build.0 = Debug|Any CPU
		{46900BAF-9C84-4CD6-84A8-8FB5CF16071D}.Release|Any CPU.ActiveCfg = Release|Any CPU
		{46900BAF-9C84-4CD6-84A8-8FB5CF16071D}.Release|Any CPU.Build.0 = Release|Any CPU
	EndGlobalSection
	GlobalSection(SolutionProperties) = preSolution
		HideSolutionNode = FALSE
	EndGlobalSection
	GlobalSection(ExtensibilityGlobals) = postSolution
		SolutionGuid = {B4A6B9C3-EA99-424C-A749-7A4ECD9AEA55}
	EndGlobalSection
EndGlobal
